{
  "nodes": {
    "nixpkgs": {
      "locked": {
        "lastModified": 1651571855,
        "narHash": "sha256-KZie6c2J2DUPLjG2PkYSwGLvD6RygA3TxZSPQpctbNI=",
        "owner": "NixOS",
        "repo": "nixpkgs",
        "rev": "fd43ce017d4c95f47166d28664a004f57458a0b1",
        "type": "github"
      },
      "original": {
        "owner": "NixOS",
        "ref": "nixos-21.11",
        "repo": "nixpkgs",
        "type": "github"
      }
    },
    "root": {
      "inputs": {
        "nixpkgs": "nixpkgs",
        "snapraid-runner-src": "snapraid-runner-src"
      }
    },
    "snapraid-runner-src": {
      "flake": false,
      "locked": {
        "lastModified": 1635680227,
        "narHash": "sha256-aZ7+pQ64HWnNC/At61ZdgPXm24YKysBud2zPT3mcqWQ=",
        "owner": "Chronial",
        "repo": "snapraid-runner",
        "rev": "60b8b6731c79eb084fabe8397ddfc308dfb4547e",
        "type": "github"
      },
      "original": {
        "owner": "Chronial",
        "repo": "snapraid-runner",
        "type": "github"
      }
    }
  },
  "root": "root",
  "version": 7
}
